
Microsoft Visual Studio Solution File, Format Version 12.00
# Visual Studio Version 17
VisualStudioVersion = 17.4.33205.214
MinimumVisualStudioVersion = 10.0.40219.1
Project("{FAE04EC0-301F-11D3-BF4B-00C04F79EFBC}") = "MVC_Core_Basic_Architecture", "MVC_Core_Basic_Architecture\MVC_Core_Basic_Architecture.csproj", "{12EFF87A-F81E-4487-8434-EE30BACD09B4}"
EndProject
Global
	GlobalSection(SolutionConfigurationPlatforms) = preSolution
		Debug|Any CPU = Debug|Any CPU
		Release|Any CPU = Release|Any CPU
	EndGlobalSection
	GlobalSection(ProjectConfigurationPlatforms) = postSolution
		{12EFF87A-F81E-4487-8434-EE30BACD09B4}.Debug|Any CPU.ActiveCfg = Debug|Any CPU
		{12EFF87A-F81E-4487-8434-EE30BACD09B4}.Debug|Any CPU.Build.0 = Debug|Any CPU
		{12EFF87A-F81E-4487-8434-EE30BACD09B4}.Release|Any CPU.ActiveCfg = Release|Any CPU
		{12EFF87A-F81E-4487-8434-EE30BACD09B4}.Release|Any CPU.Build.0 = Release|Any CPU
	EndGlobalSection
	GlobalSection(SolutionProperties) = preSolution
		HideSolutionNode = FALSE
	EndGlobalSection
	GlobalSection(ExtensibilityGlobals) = postSolution
		SolutionGuid = {3A366947-2AB5-4A59-A5D6-EC99F81956CA}
	EndGlobalSection
EndGlobal
