
Microsoft Visual Studio Solution File, Format Version 12.00
# Visual Studio Version 17
VisualStudioVersion = 17.4.33205.214
MinimumVisualStudioVersion = 10.0.40219.1
Project("{FAE04EC0-301F-11D3-BF4B-00C04F79EFBC}") = "MVC_Core_Insert_Practice", "MVC_Core_Insert_Practice\MVC_Core_Insert_Practice.csproj", "{542FA5CF-6528-428F-BE8F-D76F988C6C41}"
EndProject
Global
	GlobalSection(SolutionConfigurationPlatforms) = preSolution
		Debug|Any CPU = Debug|Any CPU
		Release|Any CPU = Release|Any CPU
	EndGlobalSection
	GlobalSection(ProjectConfigurationPlatforms) = postSolution
		{542FA5CF-6528-428F-BE8F-D76F988C6C41}.Debug|Any CPU.ActiveCfg = Debug|Any CPU
		{542FA5CF-6528-428F-BE8F-D76F988C6C41}.Debug|Any CPU.Build.0 = Debug|Any CPU
		{542FA5CF-6528-428F-BE8F-D76F988C6C41}.Release|Any CPU.ActiveCfg = Release|Any CPU
		{542FA5CF-6528-428F-BE8F-D76F988C6C41}.Release|Any CPU.Build.0 = Release|Any CPU
	EndGlobalSection
	GlobalSection(SolutionProperties) = preSolution
		HideSolutionNode = FALSE
	EndGlobalSection
	GlobalSection(ExtensibilityGlobals) = postSolution
		SolutionGuid = {98B58226-C7A7-4775-8C2B-C2256B234458}
	EndGlobalSection
EndGlobal
